
Microsoft Visual Studio Solution File, Format Version 12.00
# Visual Studio Version 16
VisualStudioVersion = 16.0.30011.22
MinimumVisualStudioVersion = 10.0.40219.1
Project("{FAE04EC0-301F-11D3-BF4B-00C04F79EFBC}") = "Sede.LojaVirtual.Dominio", "..\Sede.LojaVirtual.Dominio\Sede.LojaVirtual.Dominio.csproj", "{DB5A49DC-E40B-4F9F-A501-8FE343A98323}"
EndProject
Project("{FAE04EC0-301F-11D3-BF4B-00C04F79EFBC}") = "Sede.LojaVirtual.Web", "..\Sede.LojaVirtual.Web\Sede.LojaVirtual.Web.csproj", "{789C05D1-D224-4875-95F4-A668459D3441}"
EndProject
Project("{FAE04EC0-301F-11D3-BF4B-00C04F79EFBC}") = "Sede.LojaVirtual.UnitTeste", "..\Sede.LojaVirtual.UnitTeste\Sede.LojaVirtual.UnitTeste.csproj", "{59909B2E-8932-4593-8E32-D72ADEBC0533}"
EndProject
Global
	GlobalSection(SolutionConfigurationPlatforms) = preSolution
		Debug|Any CPU = Debug|Any CPU
		Release|Any CPU = Release|Any CPU
	EndGlobalSection
	GlobalSection(ProjectConfigurationPlatforms) = postSolution
		{DB5A49DC-E40B-4F9F-A501-8FE343A98323}.Debug|Any CPU.ActiveCfg = Debug|Any CPU
		{DB5A49DC-E40B-4F9F-A501-8FE343A98323}.Debug|Any CPU.Build.0 = Debug|Any CPU
		{DB5A49DC-E40B-4F9F-A501-8FE343A98323}.Release|Any CPU.ActiveCfg = Release|Any CPU
		{DB5A49DC-E40B-4F9F-A501-8FE343A98323}.Release|Any CPU.Build.0 = Release|Any CPU
		{789C05D1-D224-4875-95F4-A668459D3441}.Debug|Any CPU.ActiveCfg = Debug|Any CPU
		{789C05D1-D224-4875-95F4-A668459D3441}.Debug|Any CPU.Build.0 = Debug|Any CPU
		{789C05D1-D224-4875-95F4-A668459D3441}.Release|Any CPU.ActiveCfg = Release|Any CPU
		{789C05D1-D224-4875-95F4-A668459D3441}.Release|Any CPU.Build.0 = Release|Any CPU
		{59909B2E-8932-4593-8E32-D72ADEBC0533}.Debug|Any CPU.ActiveCfg = Debug|Any CPU
		{59909B2E-8932-4593-8E32-D72ADEBC0533}.Debug|Any CPU.Build.0 = Debug|Any CPU
		{59909B2E-8932-4593-8E32-D72ADEBC0533}.Release|Any CPU.ActiveCfg = Release|Any CPU
		{59909B2E-8932-4593-8E32-D72ADEBC0533}.Release|Any CPU.Build.0 = Release|Any CPU
	EndGlobalSection
	GlobalSection(SolutionProperties) = preSolution
		HideSolutionNode = FALSE
	EndGlobalSection
	GlobalSection(ExtensibilityGlobals) = postSolution
		SolutionGuid = {B210BC83-C629-43A9-A150-7C1A9E85040C}
	EndGlobalSection
EndGlobal
